
Microsoft Visual Studio Solution File, Format Version 12.00
# Visual Studio Version 17
VisualStudioVersion = 17.10.34916.146
MinimumVisualStudioVersion = 10.0.40219.1
Project("{FAE04EC0-301F-11D3-BF4B-00C04F79EFBC}") = "Fake_User_Data_Generation", "Fake_User_Data_Generation.csproj", "{2B49B68D-ECE1-4FF2-AC42-18EB5CA94972}"
EndProject
Global
	GlobalSection(SolutionConfigurationPlatforms) = preSolution
		Debug|Any CPU = Debug|Any CPU
		Release|Any CPU = Release|Any CPU
	EndGlobalSection
	GlobalSection(ProjectConfigurationPlatforms) = postSolution
		{2B49B68D-ECE1-4FF2-AC42-18EB5CA94972}.Debug|Any CPU.ActiveCfg = Debug|Any CPU
		{2B49B68D-ECE1-4FF2-AC42-18EB5CA94972}.Debug|Any CPU.Build.0 = Debug|Any CPU
		{2B49B68D-ECE1-4FF2-AC42-18EB5CA94972}.Release|Any CPU.ActiveCfg = Release|Any CPU
		{2B49B68D-ECE1-4FF2-AC42-18EB5CA94972}.Release|Any CPU.Build.0 = Release|Any CPU
	EndGlobalSection
	GlobalSection(SolutionProperties) = preSolution
		HideSolutionNode = FALSE
	EndGlobalSection
	GlobalSection(ExtensibilityGlobals) = postSolution
		SolutionGuid = {27F16947-F68F-4EE3-910E-65AE8DAF3296}
	EndGlobalSection
EndGlobal
